{
    "requires": true,
    "lockfileVersion": 1,
    "dependencies": {
        "bootstrap": {
            "version": "4.1.3",
            "resolved": "https://registry.npmjs.org/bootstrap/-/bootstrap-4.1.3.tgz",
            "integrity": "sha512-rDFIzgXcof0jDyjNosjv4Sno77X4KuPeFxG2XZZv1/Kc8DRVGVADdoQyyOVDwPqL36DDmtCQbrpMCqvpPLJQ0w==",
            "dev": true
        },
        "bootstrap-sass": {
            "version": "3.3.7",
            "resolved": "https://registry.npmjs.org/bootstrap-sass/-/bootstrap-sass-3.3.7.tgz",
            "integrity": "sha1-ZZbHq0D2Y3OTMjqwvIDQZPxjBJg=",
            "dev": true
        },
        "install": {
            "version": "0.12.1",
            "resolved": "https://registry.npmjs.org/install/-/install-0.12.1.tgz",
            "integrity": "sha512-TvL+PMlxSo+uGMIBjgBdtBb3mOLa00R2cjtvExOCsKLDeGo/YlGjMkrMmgEUTkjIaGeELZzaktN9ljo3v+bBaA==",
            "dev": true
        },
        "jquery": {
            "version": "3.3.1",
            "resolved": "https://registry.npmjs.org/jquery/-/jquery-3.3.1.tgz",
            "integrity": "sha512-Ubldcmxp5np52/ENotGxlLe6aGMvmF4R8S6tZjsP6Knsaxd/xp3Zrh50cG93lR6nPXyUFwzN3ZSOQI0wRJNdGg==",
            "dev": true
        }
    }
}
